
Microsoft Visual Studio Solution File, Format Version 12.00
Project("{FAE04EC0-301F-11D3-BF4B-00C04F79EFBC}") = "WebApp", "WebApp\WebApp.csproj", "{9B2337DC-366E-4FBC-8A87-C17D5A76AF13}"
EndProject
Project("{2150E333-8FDC-42A3-9474-1A3956D46DE8}") = "00-SolutionItems", "00-SolutionItems", "{7565A834-5593-4A7A-902D-0D617C450FCD}"
ProjectSection(SolutionItems) = preProject
	Directory.Build.props = Directory.Build.props
	readme.md = readme.md
EndProjectSection
EndProject
Project("{FAE04EC0-301F-11D3-BF4B-00C04F79EFBC}") = "Domain", "Domain\Domain.csproj", "{315455A2-5BC5-4A2B-969D-678BC27D8C5C}"
EndProject
Project("{FAE04EC0-301F-11D3-BF4B-00C04F79EFBC}") = "DAL", "DAL\DAL.csproj", "{50119347-09FF-43C3-A162-1FCC62D20A57}"
EndProject
Global
	GlobalSection(SolutionConfigurationPlatforms) = preSolution
		Debug|Any CPU = Debug|Any CPU
		Release|Any CPU = Release|Any CPU
	EndGlobalSection
	GlobalSection(ProjectConfigurationPlatforms) = postSolution
		{9B2337DC-366E-4FBC-8A87-C17D5A76AF13}.Debug|Any CPU.ActiveCfg = Debug|Any CPU
		{9B2337DC-366E-4FBC-8A87-C17D5A76AF13}.Debug|Any CPU.Build.0 = Debug|Any CPU
		{9B2337DC-366E-4FBC-8A87-C17D5A76AF13}.Release|Any CPU.ActiveCfg = Release|Any CPU
		{9B2337DC-366E-4FBC-8A87-C17D5A76AF13}.Release|Any CPU.Build.0 = Release|Any CPU
		{315455A2-5BC5-4A2B-969D-678BC27D8C5C}.Debug|Any CPU.ActiveCfg = Debug|Any CPU
		{315455A2-5BC5-4A2B-969D-678BC27D8C5C}.Debug|Any CPU.Build.0 = Debug|Any CPU
		{315455A2-5BC5-4A2B-969D-678BC27D8C5C}.Release|Any CPU.ActiveCfg = Release|Any CPU
		{315455A2-5BC5-4A2B-969D-678BC27D8C5C}.Release|Any CPU.Build.0 = Release|Any CPU
		{50119347-09FF-43C3-A162-1FCC62D20A57}.Debug|Any CPU.ActiveCfg = Debug|Any CPU
		{50119347-09FF-43C3-A162-1FCC62D20A57}.Debug|Any CPU.Build.0 = Debug|Any CPU
		{50119347-09FF-43C3-A162-1FCC62D20A57}.Release|Any CPU.ActiveCfg = Release|Any CPU
		{50119347-09FF-43C3-A162-1FCC62D20A57}.Release|Any CPU.Build.0 = Release|Any CPU
	EndGlobalSection
EndGlobal
