
Microsoft Visual Studio Solution File, Format Version 12.00
Project("{FAE04EC0-301F-11D3-BF4B-00C04F79EFBC}") = "ConsoleApp", "ConsoleApp\ConsoleApp.csproj", "{E14D8CC6-D4DB-4BF2-8EEF-108B6F11C157}"
EndProject
Project("{FAE04EC0-301F-11D3-BF4B-00C04F79EFBC}") = "BattleShipBrain", "BattleShipBrain\BattleShipBrain.csproj", "{EEEB2ADD-033C-4927-8053-23A160DEDA4E}"
EndProject
Project("{2150E333-8FDC-42A3-9474-1A3956D46DE8}") = "00-SolutionItems", "00-SolutionItems", "{79C017E1-D4EC-4548-838E-BEA0CBD9BDD9}"
ProjectSection(SolutionItems) = preProject
	Directory.Build.props = Directory.Build.props
	readme.md = readme.md
EndProjectSection
EndProject
Global
	GlobalSection(SolutionConfigurationPlatforms) = preSolution
		Debug|Any CPU = Debug|Any CPU
		Release|Any CPU = Release|Any CPU
	EndGlobalSection
	GlobalSection(ProjectConfigurationPlatforms) = postSolution
		{E14D8CC6-D4DB-4BF2-8EEF-108B6F11C157}.Debug|Any CPU.ActiveCfg = Debug|Any CPU
		{E14D8CC6-D4DB-4BF2-8EEF-108B6F11C157}.Debug|Any CPU.Build.0 = Debug|Any CPU
		{E14D8CC6-D4DB-4BF2-8EEF-108B6F11C157}.Release|Any CPU.ActiveCfg = Release|Any CPU
		{E14D8CC6-D4DB-4BF2-8EEF-108B6F11C157}.Release|Any CPU.Build.0 = Release|Any CPU
		{EEEB2ADD-033C-4927-8053-23A160DEDA4E}.Debug|Any CPU.ActiveCfg = Debug|Any CPU
		{EEEB2ADD-033C-4927-8053-23A160DEDA4E}.Debug|Any CPU.Build.0 = Debug|Any CPU
		{EEEB2ADD-033C-4927-8053-23A160DEDA4E}.Release|Any CPU.ActiveCfg = Release|Any CPU
		{EEEB2ADD-033C-4927-8053-23A160DEDA4E}.Release|Any CPU.Build.0 = Release|Any CPU
	EndGlobalSection
EndGlobal
